
Microsoft Visual Studio Solution File, Format Version 11.00
# Visual Studio 2010
Project("{FAE04EC0-301F-11D3-BF4B-00C04F79EFBC}") = "Assembly-CSharp", "Assembly-CSharp.csproj", "{97F4F042-AEBF-349B-8FEF-DE3488AEF92C}"
EndProject
Project("{FAE04EC0-301F-11D3-BF4B-00C04F79EFBC}") = "Assembly-CSharp-firstpass", "Assembly-CSharp-firstpass.csproj", "{9DB23FC3-9402-9802-ABD2-869B4B36744E}"
EndProject
Project("{FAE04EC0-301F-11D3-BF4B-00C04F79EFBC}") = "NativeGallery.Runtime", "NativeGallery.Runtime.csproj", "{A02FED90-ED82-81F5-F108-D42018085442}"
EndProject
Project("{FAE04EC0-301F-11D3-BF4B-00C04F79EFBC}") = "NativeGallery.Editor", "NativeGallery.Editor.csproj", "{0C2273A2-F0AB-347E-C6DC-2C2197E42C3A}"
EndProject
Project("{FAE04EC0-301F-11D3-BF4B-00C04F79EFBC}") = "Assembly-CSharp-Editor", "Assembly-CSharp-Editor.csproj", "{F1F909CB-7264-4284-DB61-90FD2998D579}"
EndProject
Global
	GlobalSection(SolutionConfigurationPlatforms) = preSolution
		Debug|Any CPU = Debug|Any CPU
		Release|Any CPU = Release|Any CPU
	EndGlobalSection
	GlobalSection(ProjectConfigurationPlatforms) = postSolution
		{97F4F042-AEBF-349B-8FEF-DE3488AEF92C}.Debug|Any CPU.ActiveCfg = Debug|Any CPU
		{97F4F042-AEBF-349B-8FEF-DE3488AEF92C}.Debug|Any CPU.Build.0 = Debug|Any CPU
		{97F4F042-AEBF-349B-8FEF-DE3488AEF92C}.Release|Any CPU.ActiveCfg = Release|Any CPU
		{97F4F042-AEBF-349B-8FEF-DE3488AEF92C}.Release|Any CPU.Build.0 = Release|Any CPU
		{9DB23FC3-9402-9802-ABD2-869B4B36744E}.Debug|Any CPU.ActiveCfg = Debug|Any CPU
		{9DB23FC3-9402-9802-ABD2-869B4B36744E}.Debug|Any CPU.Build.0 = Debug|Any CPU
		{9DB23FC3-9402-9802-ABD2-869B4B36744E}.Release|Any CPU.ActiveCfg = Release|Any CPU
		{9DB23FC3-9402-9802-ABD2-869B4B36744E}.Release|Any CPU.Build.0 = Release|Any CPU
		{A02FED90-ED82-81F5-F108-D42018085442}.Debug|Any CPU.ActiveCfg = Debug|Any CPU
		{A02FED90-ED82-81F5-F108-D42018085442}.Debug|Any CPU.Build.0 = Debug|Any CPU
		{A02FED90-ED82-81F5-F108-D42018085442}.Release|Any CPU.ActiveCfg = Release|Any CPU
		{A02FED90-ED82-81F5-F108-D42018085442}.Release|Any CPU.Build.0 = Release|Any CPU
		{0C2273A2-F0AB-347E-C6DC-2C2197E42C3A}.Debug|Any CPU.ActiveCfg = Debug|Any CPU
		{0C2273A2-F0AB-347E-C6DC-2C2197E42C3A}.Debug|Any CPU.Build.0 = Debug|Any CPU
		{0C2273A2-F0AB-347E-C6DC-2C2197E42C3A}.Release|Any CPU.ActiveCfg = Release|Any CPU
		{0C2273A2-F0AB-347E-C6DC-2C2197E42C3A}.Release|Any CPU.Build.0 = Release|Any CPU
		{F1F909CB-7264-4284-DB61-90FD2998D579}.Debug|Any CPU.ActiveCfg = Debug|Any CPU
		{F1F909CB-7264-4284-DB61-90FD2998D579}.Debug|Any CPU.Build.0 = Debug|Any CPU
		{F1F909CB-7264-4284-DB61-90FD2998D579}.Release|Any CPU.ActiveCfg = Release|Any CPU
		{F1F909CB-7264-4284-DB61-90FD2998D579}.Release|Any CPU.Build.0 = Release|Any CPU
	EndGlobalSection
	GlobalSection(SolutionProperties) = preSolution
		HideSolutionNode = FALSE
	EndGlobalSection
EndGlobal
